
Microsoft Visual Studio Solution File, Format Version 12.00
# Visual Studio 15
VisualStudioVersion = 15.0.28307.489
MinimumVisualStudioVersion = 10.0.40219.1
Project("{FAE04EC0-301F-11D3-BF4B-00C04F79EFBC}") = "SappPong", "SappPong\SappPong.csproj", "{1D37ED1B-D0E4-44E6-8EB2-01F13CABF473}"
EndProject
Project("{FAE04EC0-301F-11D3-BF4B-00C04F79EFBC}") = "EntityComponent", "EntityComponent\EntityComponent.csproj", "{DD1B1834-4613-4331-B681-8DBB51BCD3BC}"
EndProject
Global
	GlobalSection(SolutionConfigurationPlatforms) = preSolution
		Debug|Any CPU = Debug|Any CPU
		Release|Any CPU = Release|Any CPU
	EndGlobalSection
	GlobalSection(ProjectConfigurationPlatforms) = postSolution
		{1D37ED1B-D0E4-44E6-8EB2-01F13CABF473}.Debug|Any CPU.ActiveCfg = Debug|Any CPU
		{1D37ED1B-D0E4-44E6-8EB2-01F13CABF473}.Debug|Any CPU.Build.0 = Debug|Any CPU
		{1D37ED1B-D0E4-44E6-8EB2-01F13CABF473}.Release|Any CPU.ActiveCfg = Release|Any CPU
		{1D37ED1B-D0E4-44E6-8EB2-01F13CABF473}.Release|Any CPU.Build.0 = Release|Any CPU
		{DD1B1834-4613-4331-B681-8DBB51BCD3BC}.Debug|Any CPU.ActiveCfg = Debug|Any CPU
		{DD1B1834-4613-4331-B681-8DBB51BCD3BC}.Debug|Any CPU.Build.0 = Debug|Any CPU
		{DD1B1834-4613-4331-B681-8DBB51BCD3BC}.Release|Any CPU.ActiveCfg = Release|Any CPU
		{DD1B1834-4613-4331-B681-8DBB51BCD3BC}.Release|Any CPU.Build.0 = Release|Any CPU
	EndGlobalSection
	GlobalSection(SolutionProperties) = preSolution
		HideSolutionNode = FALSE
	EndGlobalSection
	GlobalSection(ExtensibilityGlobals) = postSolution
		SolutionGuid = {576C21B1-0273-47FF-9A67-0306180EFE08}
	EndGlobalSection
EndGlobal
